
Microsoft Visual Studio Solution File, Format Version 12.00
# Visual Studio 15
VisualStudioVersion = 15.0.28010.2048
MinimumVisualStudioVersion = 10.0.40219.1
Project("{FAE04EC0-301F-11D3-BF4B-00C04F79EFBC}") = "Backpack", "Backpack\Backpack.csproj", "{327F5974-59F1-4948-A8CB-05FBE6ADF715}"
EndProject
Global
	GlobalSection(SolutionConfigurationPlatforms) = preSolution
		Debug|Any CPU = Debug|Any CPU
		Release|Any CPU = Release|Any CPU
	EndGlobalSection
	GlobalSection(ProjectConfigurationPlatforms) = postSolution
		{327F5974-59F1-4948-A8CB-05FBE6ADF715}.Debug|Any CPU.ActiveCfg = Debug|Any CPU
		{327F5974-59F1-4948-A8CB-05FBE6ADF715}.Debug|Any CPU.Build.0 = Debug|Any CPU
		{327F5974-59F1-4948-A8CB-05FBE6ADF715}.Release|Any CPU.ActiveCfg = Release|Any CPU
		{327F5974-59F1-4948-A8CB-05FBE6ADF715}.Release|Any CPU.Build.0 = Release|Any CPU
	EndGlobalSection
	GlobalSection(SolutionProperties) = preSolution
		HideSolutionNode = FALSE
	EndGlobalSection
	GlobalSection(ExtensibilityGlobals) = postSolution
		SolutionGuid = {BF4DEA2C-1201-434D-8499-ECAAB9172F48}
	EndGlobalSection
EndGlobal
